
Microsoft Visual Studio Solution File, Format Version 12.00
# Visual Studio 14
VisualStudioVersion = 14.0.25420.1
MinimumVisualStudioVersion = 10.0.40219.1
Project("{FAE04EC0-301F-11D3-BF4B-00C04F79EFBC}") = "Sole", "Sole\Sole.csproj", "{827B0614-81D2-4843-B488-8CFFE90C9B78}"
EndProject
Project("{54435603-DBB4-11D2-8724-00A0C9A8B90C}") = "Installation", "Installation\Installation.vdproj", "{43AEEDC4-00DE-4838-8E75-927CA7636CFE}"
EndProject
Global
	GlobalSection(SolutionConfigurationPlatforms) = preSolution
		Debug|Any CPU = Debug|Any CPU
		Release|Any CPU = Release|Any CPU
	EndGlobalSection
	GlobalSection(ProjectConfigurationPlatforms) = postSolution
		{827B0614-81D2-4843-B488-8CFFE90C9B78}.Debug|Any CPU.ActiveCfg = Debug|Any CPU
		{827B0614-81D2-4843-B488-8CFFE90C9B78}.Debug|Any CPU.Build.0 = Debug|Any CPU
		{827B0614-81D2-4843-B488-8CFFE90C9B78}.Release|Any CPU.ActiveCfg = Release|Any CPU
		{827B0614-81D2-4843-B488-8CFFE90C9B78}.Release|Any CPU.Build.0 = Release|Any CPU
		{43AEEDC4-00DE-4838-8E75-927CA7636CFE}.Debug|Any CPU.ActiveCfg = Debug
		{43AEEDC4-00DE-4838-8E75-927CA7636CFE}.Release|Any CPU.ActiveCfg = Release
	EndGlobalSection
	GlobalSection(SolutionProperties) = preSolution
		HideSolutionNode = FALSE
	EndGlobalSection
EndGlobal
